
Microsoft Visual Studio Solution File, Format Version 12.00
# Visual Studio Version 17
VisualStudioVersion = 17.6.33829.357
MinimumVisualStudioVersion = 10.0.40219.1
Project("{FAE04EC0-301F-11D3-BF4B-00C04F79EFBC}") = "proje", "proje\proje.csproj", "{CFEC181B-2ED0-4F66-8926-B17263F589D7}"
EndProject
Global
	GlobalSection(SolutionConfigurationPlatforms) = preSolution
		Debug|Any CPU = Debug|Any CPU
		Release|Any CPU = Release|Any CPU
	EndGlobalSection
	GlobalSection(ProjectConfigurationPlatforms) = postSolution
		{CFEC181B-2ED0-4F66-8926-B17263F589D7}.Debug|Any CPU.ActiveCfg = Debug|Any CPU
		{CFEC181B-2ED0-4F66-8926-B17263F589D7}.Debug|Any CPU.Build.0 = Debug|Any CPU
		{CFEC181B-2ED0-4F66-8926-B17263F589D7}.Release|Any CPU.ActiveCfg = Release|Any CPU
		{CFEC181B-2ED0-4F66-8926-B17263F589D7}.Release|Any CPU.Build.0 = Release|Any CPU
	EndGlobalSection
	GlobalSection(SolutionProperties) = preSolution
		HideSolutionNode = FALSE
	EndGlobalSection
	GlobalSection(ExtensibilityGlobals) = postSolution
		SolutionGuid = {BC869EE3-A0F9-4E1A-9437-D77A59A61BC0}
	EndGlobalSection
EndGlobal
